
Microsoft Visual Studio Solution File, Format Version 12.00
# Visual Studio Version 16
VisualStudioVersion = 16.0.30225.117
MinimumVisualStudioVersion = 10.0.40219.1
Project("{FAE04EC0-301F-11D3-BF4B-00C04F79EFBC}") = "HerenciaBasica", "HerenciaBasica\HerenciaBasica.csproj", "{05EB5B44-A5BB-437D-A55C-0AE4FE23A794}"
EndProject
Global
	GlobalSection(SolutionConfigurationPlatforms) = preSolution
		Debug|Any CPU = Debug|Any CPU
		Release|Any CPU = Release|Any CPU
	EndGlobalSection
	GlobalSection(ProjectConfigurationPlatforms) = postSolution
		{05EB5B44-A5BB-437D-A55C-0AE4FE23A794}.Debug|Any CPU.ActiveCfg = Debug|Any CPU
		{05EB5B44-A5BB-437D-A55C-0AE4FE23A794}.Debug|Any CPU.Build.0 = Debug|Any CPU
		{05EB5B44-A5BB-437D-A55C-0AE4FE23A794}.Release|Any CPU.ActiveCfg = Release|Any CPU
		{05EB5B44-A5BB-437D-A55C-0AE4FE23A794}.Release|Any CPU.Build.0 = Release|Any CPU
	EndGlobalSection
	GlobalSection(SolutionProperties) = preSolution
		HideSolutionNode = FALSE
	EndGlobalSection
	GlobalSection(ExtensibilityGlobals) = postSolution
		SolutionGuid = {01C2D734-61BF-4E04-8585-F2D6926645BB}
	EndGlobalSection
EndGlobal
